
Microsoft Visual Studio Solution File, Format Version 12.00
# Visual Studio Version 17
VisualStudioVersion = 17.0.31903.59
MinimumVisualStudioVersion = 10.0.40219.1
Project("{FAE04EC0-301F-11D3-BF4B-00C04F79EFBC}") = "TaskManager.Api", "TaskManager.Api\TaskManager.Api.csproj", "{499191FC-91BE-40C5-99CB-402464221CD9}"
EndProject
Project("{FAE04EC0-301F-11D3-BF4B-00C04F79EFBC}") = "TaskManager.Domain", "TaskManager.Domain\TaskManager.Domain.csproj", "{4E405B09-3BFA-4A5B-AEB1-C9162ACDEAD6}"
EndProject
Project("{FAE04EC0-301F-11D3-BF4B-00C04F79EFBC}") = "TaskManager.Application", "TaskManager.Application\TaskManager.Application.csproj", "{EBBAAACB-D13C-46D4-BE76-805867E1AEF7}"
EndProject
Project("{FAE04EC0-301F-11D3-BF4B-00C04F79EFBC}") = "TaskManager.Infrastructure", "TaskManager.Infrastructure\TaskManager.Infrastructure.csproj", "{8DA30F35-8E96-4548-8131-22E83F01E4A6}"
EndProject
Global
	GlobalSection(SolutionConfigurationPlatforms) = preSolution
		Debug|Any CPU = Debug|Any CPU
		Release|Any CPU = Release|Any CPU
	EndGlobalSection
	GlobalSection(SolutionProperties) = preSolution
		HideSolutionNode = FALSE
	EndGlobalSection
	GlobalSection(ProjectConfigurationPlatforms) = postSolution
		{499191FC-91BE-40C5-99CB-402464221CD9}.Debug|Any CPU.ActiveCfg = Debug|Any CPU
		{499191FC-91BE-40C5-99CB-402464221CD9}.Debug|Any CPU.Build.0 = Debug|Any CPU
		{499191FC-91BE-40C5-99CB-402464221CD9}.Release|Any CPU.ActiveCfg = Release|Any CPU
		{499191FC-91BE-40C5-99CB-402464221CD9}.Release|Any CPU.Build.0 = Release|Any CPU
		{4E405B09-3BFA-4A5B-AEB1-C9162ACDEAD6}.Debug|Any CPU.ActiveCfg = Debug|Any CPU
		{4E405B09-3BFA-4A5B-AEB1-C9162ACDEAD6}.Debug|Any CPU.Build.0 = Debug|Any CPU
		{4E405B09-3BFA-4A5B-AEB1-C9162ACDEAD6}.Release|Any CPU.ActiveCfg = Release|Any CPU
		{4E405B09-3BFA-4A5B-AEB1-C9162ACDEAD6}.Release|Any CPU.Build.0 = Release|Any CPU
		{EBBAAACB-D13C-46D4-BE76-805867E1AEF7}.Debug|Any CPU.ActiveCfg = Debug|Any CPU
		{EBBAAACB-D13C-46D4-BE76-805867E1AEF7}.Debug|Any CPU.Build.0 = Debug|Any CPU
		{EBBAAACB-D13C-46D4-BE76-805867E1AEF7}.Release|Any CPU.ActiveCfg = Release|Any CPU
		{EBBAAACB-D13C-46D4-BE76-805867E1AEF7}.Release|Any CPU.Build.0 = Release|Any CPU
		{8DA30F35-8E96-4548-8131-22E83F01E4A6}.Debug|Any CPU.ActiveCfg = Debug|Any CPU
		{8DA30F35-8E96-4548-8131-22E83F01E4A6}.Debug|Any CPU.Build.0 = Debug|Any CPU
		{8DA30F35-8E96-4548-8131-22E83F01E4A6}.Release|Any CPU.ActiveCfg = Release|Any CPU
		{8DA30F35-8E96-4548-8131-22E83F01E4A6}.Release|Any CPU.Build.0 = Release|Any CPU
	EndGlobalSection
EndGlobal
